// !$*UTF8*$!
{
	archiveVersion = 1;
	classes = {
	};
	objectVersion = 50;
	objects = {

/* Begin PBXBuildFile section */
		5077A4772350214C0047C8BD /* Recipes.swift in Sources */ = {isa = PBXBuildFile; fileRef = 5077A4762350214C0047C8BD /* Recipes.swift */; };
		5077A47923510CA90047C8BD /* DetailViewController.swift in Sources */ = {isa = PBXBuildFile; fileRef = 5077A47823510CA80047C8BD /* DetailViewController.swift */; };
		50F186592351333500BCCA91 /* RecipesRequest.swift in Sources */ = {isa = PBXBuildFile; fileRef = 50F186582351333500BCCA91 /* RecipesRequest.swift */; };
		50F25342234FAB2D000C67AA /* AppDelegate.swift in Sources */ = {isa = PBXBuildFile; fileRef = 50F25341234FAB2D000C67AA /* AppDelegate.swift */; };
		50F25344234FAB2D000C67AA /* SceneDelegate.swift in Sources */ = {isa = PBXBuildFile; fileRef = 50F25343234FAB2D000C67AA /* SceneDelegate.swift */; };
		50F25346234FAB2D000C67AA /* ViewController.swift in Sources */ = {isa = PBXBuildFile; fileRef = 50F25345234FAB2D000C67AA /* ViewController.swift */; };
		50F25349234FAB2D000C67AA /* Main.storyboard in Resources */ = {isa = PBXBuildFile; fileRef = 50F25347234FAB2D000C67AA /* Main.storyboard */; };
		50F2534C234FAB2D000C67AA /* puppyrecepies.xcdatamodeld in Sources */ = {isa = PBXBuildFile; fileRef = 50F2534A234FAB2D000C67AA /* puppyrecepies.xcdatamodeld */; };
		50F2534E234FAB2E000C67AA /* Assets.xcassets in Resources */ = {isa = PBXBuildFile; fileRef = 50F2534D234FAB2E000C67AA /* Assets.xcassets */; };
		50F25351234FAB2E000C67AA /* LaunchScreen.storyboard in Resources */ = {isa = PBXBuildFile; fileRef = 50F2534F234FAB2E000C67AA /* LaunchScreen.storyboard */; };
		50F2535C234FAB2F000C67AA /* puppyrecepiesTests.swift in Sources */ = {isa = PBXBuildFile; fileRef = 50F2535B234FAB2F000C67AA /* puppyrecepiesTests.swift */; };
/* End PBXBuildFile section */

/* Begin PBXContainerItemProxy section */
		50F25358234FAB2F000C67AA /* PBXContainerItemProxy */ = {
			isa = PBXContainerItemProxy;
			containerPortal = 50F25336234FAB2C000C67AA /* Project object */;
			proxyType = 1;
			remoteGlobalIDString = 50F2533D234FAB2C000C67AA;
			remoteInfo = puppyrecepies;
		};
/* End PBXContainerItemProxy section */

/* Begin PBXFileReference section */
		5077A4762350214C0047C8BD /* Recipes.swift */ = {isa = PBXFileReference; lastKnownFileType = sourcecode.swift; path = Recipes.swift; sourceTree = "<group>"; };
		5077A47823510CA80047C8BD /* DetailViewController.swift */ = {isa = PBXFileReference; lastKnownFileType = sourcecode.swift; path = DetailViewController.swift; sourceTree = "<group>"; };
		50F186582351333500BCCA91 /* RecipesRequest.swift */ = {isa = PBXFileReference; lastKnownFileType = sourcecode.swift; path = RecipesRequest.swift; sourceTree = "<group>"; };
		50F2533E234FAB2C000C67AA /* puppyrecipes.app */ = {isa = PBXFileReference; explicitFileType = wrapper.application; includeInIndex = 0; path = puppyrecipes.app; sourceTree = BUILT_PRODUCTS_DIR; };
		50F25341234FAB2D000C67AA /* AppDelegate.swift */ = {isa = PBXFileReference; lastKnownFileType = sourcecode.swift; path = AppDelegate.swift; sourceTree = "<group>"; };
		50F25343234FAB2D000C67AA /* SceneDelegate.swift */ = {isa = PBXFileReference; lastKnownFileType = sourcecode.swift; path = SceneDelegate.swift; sourceTree = "<group>"; };
		50F25345234FAB2D000C67AA /* ViewController.swift */ = {isa = PBXFileReference; lastKnownFileType = sourcecode.swift; path = ViewController.swift; sourceTree = "<group>"; };
		50F25348234FAB2D000C67AA /* Base */ = {isa = PBXFileReference; lastKnownFileType = file.storyboard; name = Base; path = Base.lproj/Main.storyboard; sourceTree = "<group>"; };
		50F2534B234FAB2D000C67AA /* puppyrecepies.xcdatamodel */ = {isa = PBXFileReference; lastKnownFileType = wrapper.xcdatamodel; path = puppyrecepies.xcdatamodel; sourceTree = "<group>"; };
		50F2534D234FAB2E000C67AA /* Assets.xcassets */ = {isa = PBXFileReference; lastKnownFileType = folder.assetcatalog; path = Assets.xcassets; sourceTree = "<group>"; };
		50F25350234FAB2E000C67AA /* Base */ = {isa = PBXFileReference; lastKnownFileType = file.storyboard; name = Base; path = Base.lproj/LaunchScreen.storyboard; sourceTree = "<group>"; };
		50F25352234FAB2E000C67AA /* Info.plist */ = {isa = PBXFileReference; lastKnownFileType = text.plist.xml; path = Info.plist; sourceTree = "<group>"; };
		50F25357234FAB2F000C67AA /* puppyrecepiesTests.xctest */ = {isa = PBXFileReference; explicitFileType = wrapper.cfbundle; includeInIndex = 0; path = puppyrecepiesTests.xctest; sourceTree = BUILT_PRODUCTS_DIR; };
		50F2535B234FAB2F000C67AA /* puppyrecepiesTests.swift */ = {isa = PBXFileReference; lastKnownFileType = sourcecode.swift; path = puppyrecepiesTests.swift; sourceTree = "<group>"; };
		50F2535D234FAB2F000C67AA /* Info.plist */ = {isa = PBXFileReference; lastKnownFileType = text.plist.xml; path = Info.plist; sourceTree = "<group>"; };
/* End PBXFileReference section */

/* Begin PBXFrameworksBuildPhase section */
		50F2533B234FAB2C000C67AA /* Frameworks */ = {
			isa = PBXFrameworksBuildPhase;
			buildActionMask = 2147483647;
			files = (
			);
			runOnlyForDeploymentPostprocessing = 0;
		};
		50F25354234FAB2F000C67AA /* Frameworks */ = {
			isa = PBXFrameworksBuildPhase;
			buildActionMask = 2147483647;
			files = (
			);
			runOnlyForDeploymentPostprocessing = 0;
		};
/* End PBXFrameworksBuildPhase section */

/* Begin PBXGroup section */
		50F25335234FAB2C000C67AA = {
			isa = PBXGroup;
			children = (
				50F25340234FAB2C000C67AA /* puppyrecepies */,
				50F2535A234FAB2F000C67AA /* puppyrecepiesTests */,
				50F2533F234FAB2C000C67AA /* Products */,
			);
			sourceTree = "<group>";
		};
		50F2533F234FAB2C000C67AA /* Products */ = {
			isa = PBXGroup;
			children = (
				50F2533E234FAB2C000C67AA /* puppyrecipes.app */,
				50F25357234FAB2F000C67AA /* puppyrecepiesTests.xctest */,
			);
			name = Products;
			sourceTree = "<group>";
		};
		50F25340234FAB2C000C67AA /* puppyrecepies */ = {
			isa = PBXGroup;
			children = (
				50F25341234FAB2D000C67AA /* AppDelegate.swift */,
				50F25343234FAB2D000C67AA /* SceneDelegate.swift */,
				50F25345234FAB2D000C67AA /* ViewController.swift */,
				5077A47823510CA80047C8BD /* DetailViewController.swift */,
				5077A4762350214C0047C8BD /* Recipes.swift */,
				50F186582351333500BCCA91 /* RecipesRequest.swift */,
				50F25347234FAB2D000C67AA /* Main.storyboard */,
				50F2534D234FAB2E000C67AA /* Assets.xcassets */,
				50F2534F234FAB2E000C67AA /* LaunchScreen.storyboard */,
				50F25352234FAB2E000C67AA /* Info.plist */,
				50F2534A234FAB2D000C67AA /* puppyrecepies.xcdatamodeld */,
			);
			path = puppyrecepies;
			sourceTree = "<group>";
		};
		50F2535A234FAB2F000C67AA /* puppyrecepiesTests */ = {
			isa = PBXGroup;
			children = (
				50F2535B234FAB2F000C67AA /* puppyrecepiesTests.swift */,
				50F2535D234FAB2F000C67AA /* Info.plist */,
			);
			path = puppyrecepiesTests;
			sourceTree = "<group>";
		};
/* End PBXGroup section */

/* Begin PBXNativeTarget section */
		50F2533D234FAB2C000C67AA /* puppyrecepies */ = {
			isa = PBXNativeTarget;
			buildConfigurationList = 50F25360234FAB2F000C67AA /* Build configuration list for PBXNativeTarget "puppyrecepies" */;
			buildPhases = (
				50F2533A234FAB2C000C67AA /* Sources */,
				50F2533B234FAB2C000C67AA /* Frameworks */,
				50F2533C234FAB2C000C67AA /* Resources */,
			);
			buildRules = (
			);
			dependencies = (
			);
			name = puppyrecepies;
			productName = puppyrecepies;
			productReference = 50F2533E234FAB2C000C67AA /* puppyrecipes.app */;
			productType = "com.apple.product-type.application";
		};
		50F25356234FAB2F000C67AA /* puppyrecepiesTests */ = {
			isa = PBXNativeTarget;
			buildConfigurationList = 50F25363234FAB2F000C67AA /* Build configuration list for PBXNativeTarget "puppyrecepiesTests" */;
			buildPhases = (
				50F25353234FAB2F000C67AA /* Sources */,
				50F25354234FAB2F000C67AA /* Frameworks */,
				50F25355234FAB2F000C67AA /* Resources */,
			);
			buildRules = (
			);
			dependencies = (
				50F25359234FAB2F000C67AA /* PBXTargetDependency */,
			);
			name = puppyrecepiesTests;
			productName = puppyrecepiesTests;
			productReference = 50F25357234FAB2F000C67AA /* puppyrecepiesTests.xctest */;
			productType = "com.apple.product-type.bundle.unit-test";
		};
/* End PBXNativeTarget section */

/* Begin PBXProject section */
		50F25336234FAB2C000C67AA /* Project object */ = {
			isa = PBXProject;
			attributes = {
				LastSwiftUpdateCheck = 1100;
				LastUpgradeCheck = 1100;
				ORGANIZATIONNAME = "Michel Ortega";
				TargetAttributes = {
					50F2533D234FAB2C000C67AA = {
						CreatedOnToolsVersion = 11.0;
					};
					50F25356234FAB2F000C67AA = {
						CreatedOnToolsVersion = 11.0;
						TestTargetID = 50F2533D234FAB2C000C67AA;
					};
				};
			};
			buildConfigurationList = 50F25339234FAB2C000C67AA /* Build configuration list for PBXProject "puppyrecepies" */;
			compatibilityVersion = "Xcode 9.3";
			developmentRegion = en;
			hasScannedForEncodings = 0;
			knownRegions = (
				en,
				Base,
			);
			mainGroup = 50F25335234FAB2C000C67AA;
			productRefGroup = 50F2533F234FAB2C000C67AA /* Products */;
			projectDirPath = "";
			projectRoot = "";
			targets = (
				50F2533D234FAB2C000C67AA /* puppyrecepies */,
				50F25356234FAB2F000C67AA /* puppyrecepiesTests */,
			);
		};
/* End PBXProject section */

/* Begin PBXResourcesBuildPhase section */
		50F2533C234FAB2C000C67AA /* Resources */ = {
			isa = PBXResourcesBuildPhase;
			buildActionMask = 2147483647;
			files = (
				50F25351234FAB2E000C67AA /* LaunchScreen.storyboard in Resources */,
				50F2534E234FAB2E000C67AA /* Assets.xcassets in Resources */,
				50F25349234FAB2D000C67AA /* Main.storyboard in Resources */,
			);
			runOnlyForDeploymentPostprocessing = 0;
		};
		50F25355234FAB2F000C67AA /* Resources */ = {
			isa = PBXResourcesBuildPhase;
			buildActionMask = 2147483647;
			files = (
			);
			runOnlyForDeploymentPostprocessing = 0;
		};
/* End PBXResourcesBuildPhase section */

/* Begin PBXSourcesBuildPhase section */
		50F2533A234FAB2C000C67AA /* Sources */ = {
			isa = PBXSourcesBuildPhase;
			buildActionMask = 2147483647;
			files = (
				50F2534C234FAB2D000C67AA /* puppyrecepies.xcdatamodeld in Sources */,
				50F25346234FAB2D000C67AA /* ViewController.swift in Sources */,
				5077A4772350214C0047C8BD /* Recipes.swift in Sources */,
				5077A47923510CA90047C8BD /* DetailViewController.swift in Sources */,
				50F25342234FAB2D000C67AA /* AppDelegate.swift in Sources */,
				50F186592351333500BCCA91 /* RecipesRequest.swift in Sources */,
				50F25344234FAB2D000C67AA /* SceneDelegate.swift in Sources */,
			);
			runOnlyForDeploymentPostprocessing = 0;
		};
		50F25353234FAB2F000C67AA /* Sources */ = {
			isa = PBXSourcesBuildPhase;
			buildActionMask = 2147483647;
			files = (
				50F2535C234FAB2F000C67AA /* puppyrecepiesTests.swift in Sources */,
			);
			runOnlyForDeploymentPostprocessing = 0;
		};
/* End PBXSourcesBuildPhase section */

/* Begin PBXTargetDependency section */
		50F25359234FAB2F000C67AA /* PBXTargetDependency */ = {
			isa = PBXTargetDependency;
			target = 50F2533D234FAB2C000C67AA /* puppyrecepies */;
			targetProxy = 50F25358234FAB2F000C67AA /* PBXContainerItemProxy */;
		};
/* End PBXTargetDependency section */

/* Begin PBXVariantGroup section */
		50F25347234FAB2D000C67AA /* Main.storyboard */ = {
			isa = PBXVariantGroup;
			children = (
				50F25348234FAB2D000C67AA /* Base */,
			);
			name = Main.storyboard;
			sourceTree = "<group>";
		};
		50F2534F234FAB2E000C67AA /* LaunchScreen.storyboard */ = {
			isa = PBXVariantGroup;
			children = (
				50F25350234FAB2E000C67AA /* Base */,
			);
			name = LaunchScreen.storyboard;
			sourceTree = "<group>";
		};
/* End PBXVariantGroup section */

/* Begin XCBuildConfiguration section */
		50F2535E234FAB2F000C67AA /* Debug */ = {
			isa = XCBuildConfiguration;
			buildSettings = {
				ALWAYS_SEARCH_USER_PATHS = NO;
				CLANG_ANALYZER_NONNULL = YES;
				CLANG_ANALYZER_NUMBER_OBJECT_CONVERSION = YES_AGGRESSIVE;
				CLANG_CXX_LANGUAGE_STANDARD = "gnu++14";
				CLANG_CXX_LIBRARY = "libc++";
				CLANG_ENABLE_MODULES = YES;
				CLANG_ENABLE_OBJC_ARC = YES;
				CLANG_ENABLE_OBJC_WEAK = YES;
				CLANG_WARN_BLOCK_CAPTURE_AUTORELEASING = YES;
				CLANG_WARN_BOOL_CONVERSION = YES;
				CLANG_WARN_COMMA = YES;
				CLANG_WARN_CONSTANT_CONVERSION = YES;
				CLANG_WARN_DEPRECATED_OBJC_IMPLEMENTATIONS = YES;
				CLANG_WARN_DIRECT_OBJC_ISA_USAGE = YES_ERROR;
				CLANG_WARN_DOCUMENTATION_COMMENTS = YES;
				CLANG_WARN_EMPTY_BODY = YES;
				CLANG_WARN_ENUM_CONVERSION = YES;
				CLANG_WARN_INFINITE_RECURSION = YES;
				CLANG_WARN_INT_CONVERSION = YES;
				CLANG_WARN_NON_LITERAL_NULL_CONVERSION = YES;
				CLANG_WARN_OBJC_IMPLICIT_RETAIN_SELF = YES;
				CLANG_WARN_OBJC_LITERAL_CONVERSION = YES;
				CLANG_WARN_OBJC_ROOT_CLASS = YES_ERROR;
				CLANG_WARN_RANGE_LOOP_ANALYSIS = YES;
				CLANG_WARN_STRICT_PROTOTYPES = YES;
				CLANG_WARN_SUSPICIOUS_MOVE = YES;
				CLANG_WARN_UNGUARDED_AVAILABILITY = YES_AGGRESSIVE;
				CLANG_WARN_UNREACHABLE_CODE = YES;
				CLANG_WARN__DUPLICATE_METHOD_MATCH = YES;
				COPY_PHASE_STRIP = NO;
				DEBUG_INFORMATION_FORMAT = dwarf;
				ENABLE_STRICT_OBJC_MSGSEND = YES;
				ENABLE_TESTABILITY = YES;
				GCC_C_LANGUAGE_STANDARD = gnu11;
				GCC_DYNAMIC_NO_PIC = NO;
				GCC_NO_COMMON_BLOCKS = YES;
				GCC_OPTIMIZATION_LEVEL = 0;
				GCC_PREPROCESSOR_DEFINITIONS = (
					"DEBUG=1",
					"$(inherited)",
				);
				GCC_WARN_64_TO_32_BIT_CONVERSION = YES;
				GCC_WARN_ABOUT_RETURN_TYPE = YES_ERROR;
				GCC_WARN_UNDECLARED_SELECTOR = YES;
				GCC_WARN_UNINITIALIZED_AUTOS = YES_AGGRESSIVE;
				GCC_WARN_UNUSED_FUNCTION = YES;
				GCC_WARN_UNUSED_VARIABLE = YES;
				IPHONEOS_DEPLOYMENT_TARGET = 13.0;
				MTL_ENABLE_DEBUG_INFO = INCLUDE_SOURCE;
				MTL_FAST_MATH = YES;
				ONLY_ACTIVE_ARCH = YES;
				SDKROOT = iphoneos;
				SWIFT_ACTIVE_COMPILATION_CONDITIONS = DEBUG;
				SWIFT_OPTIMIZATION_LEVEL = "-Onone";
			};
			name = Debug;
		};
		50F2535F234FAB2F000C67AA /* Release */ = {
			isa = XCBuildConfiguration;
			buildSettings = {
				ALWAYS_SEARCH_USER_PATHS = NO;
				CLANG_ANALYZER_NONNULL = YES;
				CLANG_ANALYZER_NUMBER_OBJECT_CONVERSION = YES_AGGRESSIVE;
				CLANG_CXX_LANGUAGE_STANDARD = "gnu++14";
				CLANG_CXX_LIBRARY = "libc++";
				CLANG_ENABLE_MODULES = YES;
				CLANG_ENABLE_OBJC_ARC = YES;
				CLANG_ENABLE_OBJC_WEAK = YES;
				CLANG_WARN_BLOCK_CAPTURE_AUTORELEASING = YES;
				CLANG_WARN_BOOL_CONVERSION = YES;
				CLANG_WARN_COMMA = YES;
				CLANG_WARN_CONSTANT_CONVERSION = YES;
				CLANG_WARN_DEPRECATED_OBJC_IMPLEMENTATIONS = YES;
				CLANG_WARN_DIRECT_OBJC_ISA_USAGE = YES_ERROR;
				CLANG_WARN_DOCUMENTATION_COMMENTS = YES;
				CLANG_WARN_EMPTY_BODY = YES;
				CLANG_WARN_ENUM_CONVERSION = YES;
				CLANG_WARN_INFINITE_RECURSION = YES;
				CLANG_WARN_INT_CONVERSION = YES;
				CLANG_WARN_NON_LITERAL_NULL_CONVERSION = YES;
				CLANG_WARN_OBJC_IMPLICIT_RETAIN_SELF = YES;
				CLANG_WARN_OBJC_LITERAL_CONVERSION = YES;
				CLANG_WARN_OBJC_ROOT_CLASS = YES_ERROR;
				CLANG_WARN_RANGE_LOOP_ANALYSIS = YES;
				CLANG_WARN_STRICT_PROTOTYPES = YES;
				CLANG_WARN_SUSPICIOUS_MOVE = YES;
				CLANG_WARN_UNGUARDED_AVAILABILITY = YES_AGGRESSIVE;
				CLANG_WARN_UNREACHABLE_CODE = YES;
				CLANG_WARN__DUPLICATE_METHOD_MATCH = YES;
				COPY_PHASE_STRIP = NO;
				DEBUG_INFORMATION_FORMAT = "dwarf-with-dsym";
				ENABLE_NS_ASSERTIONS = NO;
				ENABLE_STRICT_OBJC_MSGSEND = YES;
				GCC_C_LANGUAGE_STANDARD = gnu11;
				GCC_NO_COMMON_BLOCKS = YES;
				GCC_WARN_64_TO_32_BIT_CONVERSION = YES;
				GCC_WARN_ABOUT_RETURN_TYPE = YES_ERROR;
				GCC_WARN_UNDECLARED_SELECTOR = YES;
				GCC_WARN_UNINITIALIZED_AUTOS = YES_AGGRESSIVE;
				GCC_WARN_UNUSED_FUNCTION = YES;
				GCC_WARN_UNUSED_VARIABLE = YES;
				IPHONEOS_DEPLOYMENT_TARGET = 13.0;
				MTL_ENABLE_DEBUG_INFO = NO;
				MTL_FAST_MATH = YES;
				SDKROOT = iphoneos;
				SWIFT_COMPILATION_MODE = wholemodule;
				SWIFT_OPTIMIZATION_LEVEL = "-O";
				VALIDATE_PRODUCT = YES;
			};
			name = Release;
		};
		50F25361234FAB2F000C67AA /* Debug */ = {
			isa = XCBuildConfiguration;
			buildSettings = {
				ASSETCATALOG_COMPILER_APPICON_NAME = AppIcon;
				CODE_SIGN_STYLE = Automatic;
				DEVELOPMENT_TEAM = WU95R9B238;
				INFOPLIST_FILE = puppyrecepies/Info.plist;
				LD_RUNPATH_SEARCH_PATHS = (
					"$(inherited)",
					"@executable_path/Frameworks",
				);
				PRODUCT_BUNDLE_IDENTIFIER = com.coolnerdcool.puppyrecepies;
				PRODUCT_NAME = puppyrecipes;
				SWIFT_VERSION = 5.0;
				TARGETED_DEVICE_FAMILY = "1,2";
			};
			name = Debug;
		};
		50F25362234FAB2F000C67AA /* Release */ = {
			isa = XCBuildConfiguration;
			buildSettings = {
				ASSETCATALOG_COMPILER_APPICON_NAME = AppIcon;
				CODE_SIGN_STYLE = Automatic;
				DEVELOPMENT_TEAM = WU95R9B238;
				INFOPLIST_FILE = puppyrecepies/Info.plist;
				LD_RUNPATH_SEARCH_PATHS = (
					"$(inherited)",
					"@executable_path/Frameworks",
				);
				PRODUCT_BUNDLE_IDENTIFIER = com.coolnerdcool.puppyrecepies;
				PRODUCT_NAME = puppyrecipes;
				SWIFT_VERSION = 5.0;
				TARGETED_DEVICE_FAMILY = "1,2";
			};
			name = Release;
		};
		50F25364234FAB2F000C67AA /* Debug */ = {
			isa = XCBuildConfiguration;
			buildSettings = {
				ALWAYS_EMBED_SWIFT_STANDARD_LIBRARIES = YES;
				BUNDLE_LOADER = "$(TEST_HOST)";
				CODE_SIGN_STYLE = Automatic;
				DEVELOPMENT_TEAM = WU95R9B238;
				INFOPLIST_FILE = puppyrecepiesTests/Info.plist;
				IPHONEOS_DEPLOYMENT_TARGET = 13.0;
				LD_RUNPATH_SEARCH_PATHS = (
					"$(inherited)",
					"@executable_path/Frameworks",
					"@loader_path/Frameworks",
				);
				PRODUCT_BUNDLE_IDENTIFIER = com.coolnerdcool.puppyrecepiesTests;
				PRODUCT_NAME = "$(TARGET_NAME)";
				SWIFT_VERSION = 5.0;
				TARGETED_DEVICE_FAMILY = "1,2";
				TEST_HOST = "$(BUILT_PRODUCTS_DIR)/puppyrecepies.app/puppyrecepies";
			};
			name = Debug;
		};
		50F25365234FAB2F000C67AA /* Release */ = {
			isa = XCBuildConfiguration;
			buildSettings = {
				ALWAYS_EMBED_SWIFT_STANDARD_LIBRARIES = YES;
				BUNDLE_LOADER = "$(TEST_HOST)";
				CODE_SIGN_STYLE = Automatic;
				DEVELOPMENT_TEAM = WU95R9B238;
				INFOPLIST_FILE = puppyrecepiesTests/Info.plist;
				IPHONEOS_DEPLOYMENT_TARGET = 13.0;
				LD_RUNPATH_SEARCH_PATHS = (
					"$(inherited)",
					"@executable_path/Frameworks",
					"@loader_path/Frameworks",
				);
				PRODUCT_BUNDLE_IDENTIFIER = com.coolnerdcool.puppyrecepiesTests;
				PRODUCT_NAME = "$(TARGET_NAME)";
				SWIFT_VERSION = 5.0;
				TARGETED_DEVICE_FAMILY = "1,2";
				TEST_HOST = "$(BUILT_PRODUCTS_DIR)/puppyrecepies.app/puppyrecepies";
			};
			name = Release;
		};
/* End XCBuildConfiguration section */

/* Begin XCConfigurationList section */
		50F25339234FAB2C000C67AA /* Build configuration list for PBXProject "puppyrecepies" */ = {
			isa = XCConfigurationList;
			buildConfigurations = (
				50F2535E234FAB2F000C67AA /* Debug */,
				50F2535F234FAB2F000C67AA /* Release */,
			);
			defaultConfigurationIsVisible = 0;
			defaultConfigurationName = Release;
		};
		50F25360234FAB2F000C67AA /* Build configuration list for PBXNativeTarget "puppyrecepies" */ = {
			isa = XCConfigurationList;
			buildConfigurations = (
				50F25361234FAB2F000C67AA /* Debug */,
				50F25362234FAB2F000C67AA /* Release */,
			);
			defaultConfigurationIsVisible = 0;
			defaultConfigurationName = Release;
		};
		50F25363234FAB2F000C67AA /* Build configuration list for PBXNativeTarget "puppyrecepiesTests" */ = {
			isa = XCConfigurationList;
			buildConfigurations = (
				50F25364234FAB2F000C67AA /* Debug */,
				50F25365234FAB2F000C67AA /* Release */,
			);
			defaultConfigurationIsVisible = 0;
			defaultConfigurationName = Release;
		};
/* End XCConfigurationList section */

/* Begin XCVersionGroup section */
		50F2534A234FAB2D000C67AA /* puppyrecepies.xcdatamodeld */ = {
			isa = XCVersionGroup;
			children = (
				50F2534B234FAB2D000C67AA /* puppyrecepies.xcdatamodel */,
			);
			currentVersion = 50F2534B234FAB2D000C67AA /* puppyrecepies.xcdatamodel */;
			path = puppyrecepies.xcdatamodeld;
			sourceTree = "<group>";
			versionGroupType = wrapper.xcdatamodel;
		};
/* End XCVersionGroup section */
	};
	rootObject = 50F25336234FAB2C000C67AA /* Project object */;
}
